{
  "name": "agent-skills-context-rewrite-core",
  "lockfileVersion": 3,
  "requires": true,
  "packages": {
    "": {
      "name": "agent-skills-context-rewrite-core",
      "dependencies": {
        "acp-kernel": "0.0.101"
      }
    },
    "node_modules/acp-kernel": {
      "version": "0.0.101",
      "resolved": "https://registry.npmjs.org/acp-kernel/-/acp-kernel-0.0.101.tgz",
      "integrity": "sha512-zKqi1mW+oTcpSY79lKkQXdz9AXFrmRj7JL6Mfpuo6JXM0WqRebXHBkQUZz9VGGi1SsOOjK0D9NghZ1/mIakdAA==",
      "license": "MIT",
      "engines": {
        "node": ">=20"
      }
    }
  }
}
